{
  "lockfileVersion": 1,
  "configVersion": 1,
  "workspaces": {
    "": {
      "name": "rescript-vscode",
      "dependencies": {
        "magic-string": "^0.30.21",
        "oxc-parser": "0.97.0",
        "oxc-walker": "^0.5.2",
        "semver": "^7.7.2",
        "vscode-languageclient": "8.1.0-next.5",
      },
      "devDependencies": {
        "@types/node": "^20.19.13",
        "@types/semver": "^7.7.0",
        "@types/vscode": "1.97.0",
        "oxfmt": "^0.40.0",
        "typescript": "^5.8.3",
      },
    },
  },
  "packages": {
    "@emnapi/core": ["@emnapi/core@1.9.0", "", { "dependencies": { "@emnapi/wasi-threads": "1.2.0", "tslib": "^2.4.0" } }, "sha512-0DQ98G9ZQZOxfUcQn1waV2yS8aWdZ6kJMbYCJB3oUBecjWYO1fqJ+a1DRfPF3O5JEkwqwP1A9QEN/9mYm2Yd0w=="],

    "@emnapi/runtime": ["@emnapi/runtime@1.9.0", "", { "dependencies": { "tslib": "^2.4.0" } }, "sha512-QN75eB0IH2ywSpRpNddCRfQIhmJYBCJ1x5Lb3IscKAL8bMnVAKnRg8dCoXbHzVLLH7P38N2Z3mtulB7W0J0FKw=="],

    "@emnapi/wasi-threads": ["@emnapi/wasi-threads@1.2.0", "", { "dependencies": { "tslib": "^2.4.0" } }, "sha512-N10dEJNSsUx41Z6pZsXU8FjPjpBEplgH24sfkmITrBED1/U2Esum9F3lfLrMjKHHjmi557zQn7kR9R+XWXu5Rg=="],

    "@jridgewell/gen-mapping": ["@jridgewell/gen-mapping@0.3.13", "", { "dependencies": { "@jridgewell/sourcemap-codec": "^1.5.0", "@jridgewell/trace-mapping": "^0.3.24" } }, "sha512-2kkt/7niJ6MgEPxF0bYdQ6etZaA+fQvDcLKckhy1yIQOzaoKjBBjSj63/aLVjYE3qhRt5dvM+uUyfCg6UKCBbA=="],

    "@jridgewell/remapping": ["@jridgewell/remapping@2.3.5", "", { "dependencies": { "@jridgewell/gen-mapping": "^0.3.5", "@jridgewell/trace-mapping": "^0.3.24" } }, "sha512-LI9u/+laYG4Ds1TDKSJW2YPrIlcVYOwi2fUC6xB43lueCjgxV4lffOCZCtYFiH6TNOX+tQKXx97T4IKHbhyHEQ=="],

    "@jridgewell/resolve-uri": ["@jridgewell/resolve-uri@3.1.2", "", {}, "sha512-bRISgCIjP20/tbWSPWMEi54QVPRZExkuD9lJL+UIxUKtwVJA8wW1Trb1jMs1RFXo1CBTNZ/5hpC9QvmKWdopKw=="],

    "@jridgewell/sourcemap-codec": ["@jridgewell/sourcemap-codec@1.5.5", "", {}, "sha512-cYQ9310grqxueWbl+WuIUIaiUaDcj7WOq5fVhEljNVgRfOUhY9fy2zTvfoqWsnebh8Sl70VScFbICvJnLKB0Og=="],

    "@jridgewell/trace-mapping": ["@jridgewell/trace-mapping@0.3.31", "", { "dependencies": { "@jridgewell/resolve-uri": "^3.1.0", "@jridgewell/sourcemap-codec": "^1.4.14" } }, "sha512-zzNR+SdQSDJzc8joaeP8QQoCQr8NuYx2dIIytl1QeBEZHJ9uW6hebsrYgbz8hJwUQao3TWCMtmfV8Nu1twOLAw=="],

    "@napi-rs/wasm-runtime": ["@napi-rs/wasm-runtime@1.1.1", "", { "dependencies": { "@emnapi/core": "^1.7.1", "@emnapi/runtime": "^1.7.1", "@tybys/wasm-util": "^0.10.1" } }, "sha512-p64ah1M1ld8xjWv3qbvFwHiFVWrq1yFvV4f7w+mzaqiR4IlSgkqhcRdHwsGgomwzBH51sRY4NEowLxnaBjcW/A=="],

    "@oxc-parser/binding-android-arm64": ["@oxc-parser/binding-android-arm64@0.97.0", "", { "os": "android", "cpu": "arm64" }, "sha512-oLCGuX+1zqTIUjTfCxiZO/Ad4p4wo2MksBSpjdgOC7htyfIg/Se9PK2xU2jzSXlIyzBivwK6AJFqJpcbzJlmsQ=="],

    "@oxc-parser/binding-darwin-arm64": ["@oxc-parser/binding-darwin-arm64@0.97.0", "", { "os": "darwin", "cpu": "arm64" }, "sha512-Rg7Yy0ICS4HiF+/ZcmjB7h67YOw23Iw06ETHP+0UHQkNuecFew9aDycGG62ohCb1/+QC5uVTW9naR4F8L3FndQ=="],

    "@oxc-parser/binding-darwin-x64": ["@oxc-parser/binding-darwin-x64@0.97.0", "", { "os": "darwin", "cpu": "x64" }, "sha512-Kr2rgG7yEnv6ivreQtwKAetGeovfWMxsWzTPlM4BMkhI6jsj10BFN+tP5kUHrES66e7eaoFs0SNepHulCpofdw=="],

    "@oxc-parser/binding-freebsd-x64": ["@oxc-parser/binding-freebsd-x64@0.97.0", "", { "os": "freebsd", "cpu": "x64" }, "sha512-kAWTFHVR3KLcYQ7oEpRQV+WtEAPWZODQ/FsIVGVNAjzIfm9myuiLh7Kys8Vh3QwATPCuPg1w7FGexIm/A1a1lQ=="],

    "@oxc-parser/binding-linux-arm-gnueabihf": ["@oxc-parser/binding-linux-arm-gnueabihf@0.97.0", "", { "os": "linux", "cpu": "arm" }, "sha512-w4wYc5KRO6Mdxq9wXh6fAMuxB1LX7btj74+fTZG7/eP7ZiCTsxIM0GR4l7xQjRJOFd9rzlu7ZPq3LM7e9wmPTg=="],

    "@oxc-parser/binding-linux-arm-musleabihf": ["@oxc-parser/binding-linux-arm-musleabihf@0.97.0", "", { "os": "linux", "cpu": "arm" }, "sha512-DY+3aV2k9YyCRQ5/Zw83cG0xXvgnA6d31JSGfWkOAq9Aa22GeBE/NOzqqMw72HcxRKvYcJsCVpBwQaTICuBGIQ=="],

    "@oxc-parser/binding-linux-arm64-gnu": ["@oxc-parser/binding-linux-arm64-gnu@0.97.0", "", { "os": "linux", "cpu": "arm64" }, "sha512-4B/H4CSc8LZSBTzQHMHQbbZww8B1qaQO+1iBxeKYo1LBD5ZAUZwgYCyM1VUPgqEfUY358a1/Nhn4RIwAbnEFWw=="],

    "@oxc-parser/binding-linux-arm64-musl": ["@oxc-parser/binding-linux-arm64-musl@0.97.0", "", { "os": "linux", "cpu": "arm64" }, "sha512-Wg8ZPEXR3HHDlzvxqFH9XVc6xfnXaEjMmAuJ9priQmMin42O4B5TwvLmBNlW5Is30faKopGXiiH/Gjmcw/x4xg=="],

    "@oxc-parser/binding-linux-riscv64-gnu": ["@oxc-parser/binding-linux-riscv64-gnu@0.97.0", "", { "os": "linux", "cpu": "none" }, "sha512-OJNHq6KGPdOh+YVk67T3MfRzLIy9MDMZCzH1f+xgh+kKPWzC4RqlqDNuoyqYiIxjO6kAVZZUQYvx4XVSKluJxw=="],

    "@oxc-parser/binding-linux-s390x-gnu": ["@oxc-parser/binding-linux-s390x-gnu@0.97.0", "", { "os": "linux", "cpu": "s390x" }, "sha512-yZV1kKNzewd/lwWYBw6IRy7ckbduQsUt5LisM8NXt8T0Dg+jhkyy4y7M6X57/KyvT//vHCuRvpnwTr9lk1M9IA=="],

    "@oxc-parser/binding-linux-x64-gnu": ["@oxc-parser/binding-linux-x64-gnu@0.97.0", "", { "os": "linux", "cpu": "x64" }, "sha512-Ck7cJMsZX19B0dvsl1v9a8VLeL9kEfUc0zMBjkgYmJfhVuINHcnZlQs8E5zTfD+dpP1wYzUhwgqv3o6hl9QaXA=="],

    "@oxc-parser/binding-linux-x64-musl": ["@oxc-parser/binding-linux-x64-musl@0.97.0", "", { "os": "linux", "cpu": "x64" }, "sha512-COlEtnuyWfVjvylxhxoSd2HkAI85flvrQu3vGtt4Bm3+ZVdteFCNQskk3q8XfD0Cs+FdtnvDMbhApHyFKaEfsQ=="],

    "@oxc-parser/binding-wasm32-wasi": ["@oxc-parser/binding-wasm32-wasi@0.97.0", "", { "dependencies": { "@napi-rs/wasm-runtime": "^1.0.7" }, "cpu": "none" }, "sha512-5Rt1uEe1VTw6aUluz8/nBNUbyCVGzwMJbXvPv+b4So+mFlkL+X2cTHb9LH8hcBgJ2TDITLT32J2TcV8Q8EPaKw=="],

    "@oxc-parser/binding-win32-arm64-msvc": ["@oxc-parser/binding-win32-arm64-msvc@0.97.0", "", { "os": "win32", "cpu": "arm64" }, "sha512-e2HDWO997STh7gADYJcjrZ+Fh5cSF8fwT6rRchNoV/hSwbJSC6ZpYFFFQEw2qZ2qyMeTmqQ6QVf7T9oKV18UXg=="],

    "@oxc-parser/binding-win32-x64-msvc": ["@oxc-parser/binding-win32-x64-msvc@0.97.0", "", { "os": "win32", "cpu": "x64" }, "sha512-DQ92RUXw67ynu6fUzlFN/gr/rN3nxEQ35AC3EJYAgNKy/GFFJbNKGwFxGnmooje29XhBwibaRdxDs1OIgZBHvQ=="],

    "@oxc-project/types": ["@oxc-project/types@0.97.0", "", {}, "sha512-lxmZK4xFrdvU0yZiDwgVQTCvh2gHWBJCBk5ALsrtsBWhs0uDIi+FTOnXRQeQfs304imdvTdaakT/lqwQ8hkOXQ=="],

    "@oxfmt/binding-android-arm-eabi": ["@oxfmt/binding-android-arm-eabi@0.40.0", "", { "os": "android", "cpu": "arm" }, "sha512-S6zd5r1w/HmqR8t0CTnGjFTBLDq2QKORPwriCHxo4xFNuhmOTABGjPaNvCJJVnrKBLsohOeiDX3YqQfJPF+FXw=="],

    "@oxfmt/binding-android-arm64": ["@oxfmt/binding-android-arm64@0.40.0", "", { "os": "android", "cpu": "arm64" }, "sha512-/mbS9UUP/5Vbl2D6osIdcYiP0oie63LKMoTyGj5hyMCK/SFkl3EhtyRAfdjPvuvHC0SXdW6ePaTKkBSq1SNcIw=="],

    "@oxfmt/binding-darwin-arm64": ["@oxfmt/binding-darwin-arm64@0.40.0", "", { "os": "darwin", "cpu": "arm64" }, "sha512-wRt8fRdfLiEhnRMBonlIbKrJWixoEmn6KCjKE9PElnrSDSXETGZfPb8ee+nQNTobXkCVvVLytp2o0obAsxl78Q=="],

    "@oxfmt/binding-darwin-x64": ["@oxfmt/binding-darwin-x64@0.40.0", "", { "os": "darwin", "cpu": "x64" }, "sha512-fzowhqbOE/NRy+AE5ob0+Y4X243WbWzDb00W+pKwD7d9tOqsAFbtWUwIyqqCoCLxj791m2xXIEeLH/3uz7zCCg=="],

    "@oxfmt/binding-freebsd-x64": ["@oxfmt/binding-freebsd-x64@0.40.0", "", { "os": "freebsd", "cpu": "x64" }, "sha512-agZ9ITaqdBjcerRRFEHB8s0OyVcQW8F9ZxsszjxzeSthQ4fcN2MuOtQFWec1ed8/lDa50jSLHVE2/xPmTgtCfQ=="],

    "@oxfmt/binding-linux-arm-gnueabihf": ["@oxfmt/binding-linux-arm-gnueabihf@0.40.0", "", { "os": "linux", "cpu": "arm" }, "sha512-ZM2oQ47p28TP1DVIp7HL1QoMUgqlBFHey0ksHct7tMXoU5BqjNvPWw7888azzMt25lnyPODVuye1wvNbvVUFOA=="],

    "@oxfmt/binding-linux-arm-musleabihf": ["@oxfmt/binding-linux-arm-musleabihf@0.40.0", "", { "os": "linux", "cpu": "arm" }, "sha512-RBFPAxRAIsMisKM47Oe6Lwdv6agZYLz02CUhVCD1sOv5ajAcRMrnwCFBPWwGXpazToW2mjnZxFos8TuFjTU15A=="],

    "@oxfmt/binding-linux-arm64-gnu": ["@oxfmt/binding-linux-arm64-gnu@0.40.0", "", { "os": "linux", "cpu": "arm64" }, "sha512-Nb2XbQ+wV3W2jSIihXdPj7k83eOxeSgYP3N/SRXvQ6ZYPIk6Q86qEh5Gl/7OitX3bQoQrESqm1yMLvZV8/J7dA=="],

    "@oxfmt/binding-linux-arm64-musl": ["@oxfmt/binding-linux-arm64-musl@0.40.0", "", { "os": "linux", "cpu": "arm64" }, "sha512-tGmWhLD/0YMotCdfezlT6tC/MJG/wKpo4vnQ3Cq+4eBk/BwNv7EmkD0VkD5F/dYkT3b8FNU01X2e8vvJuWoM1w=="],

    "@oxfmt/binding-linux-ppc64-gnu": ["@oxfmt/binding-linux-ppc64-gnu@0.40.0", "", { "os": "linux", "cpu": "ppc64" }, "sha512-rVbFyM3e7YhkVnp0IVYjaSHfrBWcTRWb60LEcdNAJcE2mbhTpbqKufx0FrhWfoxOrW/+7UJonAOShoFFLigDqQ=="],

    "@oxfmt/binding-linux-riscv64-gnu": ["@oxfmt/binding-linux-riscv64-gnu@0.40.0", "", { "os": "linux", "cpu": "none" }, "sha512-3ZqBw14JtWeEoLiioJcXSJz8RQyPE+3jLARnYM1HdPzZG4vk+Ua8CUupt2+d+vSAvMyaQBTN2dZK+kbBS/j5mA=="],

    "@oxfmt/binding-linux-riscv64-musl": ["@oxfmt/binding-linux-riscv64-musl@0.40.0", "", { "os": "linux", "cpu": "none" }, "sha512-JJ4PPSdcbGBjPvb+O7xYm2FmAsKCyuEMYhqatBAHMp/6TA6rVlf9Z/sYPa4/3Bommb+8nndm15SPFRHEPU5qFA=="],

    "@oxfmt/binding-linux-s390x-gnu": ["@oxfmt/binding-linux-s390x-gnu@0.40.0", "", { "os": "linux", "cpu": "s390x" }, "sha512-Kp0zNJoX9Ik77wUya2tpBY3W9f40VUoMQLWVaob5SgCrblH/t2xr/9B2bWHfs0WCefuGmqXcB+t0Lq77sbBmZw=="],

    "@oxfmt/binding-linux-x64-gnu": ["@oxfmt/binding-linux-x64-gnu@0.40.0", "", { "os": "linux", "cpu": "x64" }, "sha512-7YTCNzleWTaQTqNGUNQ66qVjpoV6DjbCOea+RnpMBly2bpzrI/uu7Rr+2zcgRfNxyjXaFTVQKaRKjqVdeUfeVA=="],

    "@oxfmt/binding-linux-x64-musl": ["@oxfmt/binding-linux-x64-musl@0.40.0", "", { "os": "linux", "cpu": "x64" }, "sha512-hWnSzJ0oegeOwfOEeejYXfBqmnRGHusgtHfCPzmvJvHTwy1s3Neo59UKc1CmpE3zxvrCzJoVHos0rr97GHMNPw=="],

    "@oxfmt/binding-openharmony-arm64": ["@oxfmt/binding-openharmony-arm64@0.40.0", "", { "os": "none", "cpu": "arm64" }, "sha512-28sJC1lR4qtBJGzSRRbPnSW3GxU2+4YyQFE6rCmsUYqZ5XYH8jg0/w+CvEzQ8TuAQz5zLkcA25nFQGwoU0PT3Q=="],

    "@oxfmt/binding-win32-arm64-msvc": ["@oxfmt/binding-win32-arm64-msvc@0.40.0", "", { "os": "win32", "cpu": "arm64" }, "sha512-cDkRnyT0dqwF5oIX1Cv59HKCeZQFbWWdUpXa3uvnHFT2iwYSSZspkhgjXjU6iDp5pFPaAEAe9FIbMoTgkTmKPg=="],

    "@oxfmt/binding-win32-ia32-msvc": ["@oxfmt/binding-win32-ia32-msvc@0.40.0", "", { "os": "win32", "cpu": "ia32" }, "sha512-7rPemBJjqm5Gkv6ZRCPvK8lE6AqQ/2z31DRdWazyx2ZvaSgL7QGofHXHNouRpPvNsT9yxRNQJgigsWkc+0qg4w=="],

    "@oxfmt/binding-win32-x64-msvc": ["@oxfmt/binding-win32-x64-msvc@0.40.0", "", { "os": "win32", "cpu": "x64" }, "sha512-/Zmj0yTYSvmha6TG1QnoLqVT7ZMRDqXvFXXBQpIjteEwx9qvUYMBH2xbiOFhDeMUJkGwC3D6fdKsFtaqUvkwNA=="],

    "@tybys/wasm-util": ["@tybys/wasm-util@0.10.1", "", { "dependencies": { "tslib": "^2.4.0" } }, "sha512-9tTaPJLSiejZKx+Bmog4uSubteqTvFrVrURwkmHixBo0G4seD0zUxp98E1DzUBJxLQ3NPwXrGKDiVjwx/DpPsg=="],

    "@types/estree": ["@types/estree@1.0.8", "", {}, "sha512-dWHzHa2WqEXI/O1E9OjrocMTKJl2mSrEolh1Iomrv6U+JuNwaHXsXx9bLu5gG7BUWFIN0skIQJQ/L1rIex4X6w=="],

    "@types/node": ["@types/node@20.19.37", "", { "dependencies": { "undici-types": "~6.21.0" } }, "sha512-8kzdPJ3FsNsVIurqBs7oodNnCEVbni9yUEkaHbgptDACOPW04jimGagZ51E6+lXUwJjgnBw+hyko/lkFWCldqw=="],

    "@types/semver": ["@types/semver@7.7.1", "", {}, "sha512-FmgJfu+MOcQ370SD0ev7EI8TlCAfKYU+B4m5T3yXc1CiRN94g/SZPtsCkk506aUDtlMnFZvasDwHHUcZUEaYuA=="],

    "@types/vscode": ["@types/vscode@1.97.0", "", {}, "sha512-ueE73loeOTe7olaVyqP9mrRI54kVPJifUPjblZo9fYcv1CuVLPOEKEkqW0GkqPC454+nCEoigLWnC2Pp7prZ9w=="],

    "acorn": ["acorn@8.16.0", "", { "bin": { "acorn": "bin/acorn" } }, "sha512-UVJyE9MttOsBQIDKw1skb9nAwQuR5wuGD3+82K6JgJlm/Y+KI92oNsMNGZCYdDsVtRHSak0pcV5Dno5+4jh9sw=="],

    "balanced-match": ["balanced-match@1.0.2", "", {}, "sha512-3oSeUO0TMV67hN1AmbXsK4yaqU7tjiHlbxRDZOpH0KW9+CeX4bRAaX0Anxt0tx2MrpRpWwQaPwIlISEJhYU5Pw=="],

    "brace-expansion": ["brace-expansion@2.0.2", "", { "dependencies": { "balanced-match": "^1.0.0" } }, "sha512-Jt0vHyM+jmUBqojB7E1NIYadt0vI0Qxjxd2TErW94wDz+E2LAm5vKMXXwg6ZZBTHPuUlDgQHKXvjGBdfcF1ZDQ=="],

    "confbox": ["confbox@0.1.8", "", {}, "sha512-RMtmw0iFkeR4YV+fUOSucriAQNb9g8zFR52MWCtl+cCZOFRNL6zeB395vPzFhEjjn4fMxXudmELnl/KF/WrK6w=="],

    "estree-walker": ["estree-walker@3.0.3", "", { "dependencies": { "@types/estree": "^1.0.0" } }, "sha512-7RUKfXgSMMkzt6ZuXmqapOurLGPPfgj6l9uRZ7lRGolvk0y2yocc35LdcxKC5PQZdn2DMqioAQ2NoWcrTKmm6g=="],

    "magic-regexp": ["magic-regexp@0.10.0", "", { "dependencies": { "estree-walker": "^3.0.3", "magic-string": "^0.30.12", "mlly": "^1.7.2", "regexp-tree": "^0.1.27", "type-level-regexp": "~0.1.17", "ufo": "^1.5.4", "unplugin": "^2.0.0" } }, "sha512-Uly1Bu4lO1hwHUW0CQeSWuRtzCMNO00CmXtS8N6fyvB3B979GOEEeAkiTUDsmbYLAbvpUS/Kt5c4ibosAzVyVg=="],

    "magic-string": ["magic-string@0.30.21", "", { "dependencies": { "@jridgewell/sourcemap-codec": "^1.5.5" } }, "sha512-vd2F4YUyEXKGcLHoq+TEyCjxueSeHnFxyyjNp80yg0XV4vUhnDer/lvvlqM/arB5bXQN5K2/3oinyCRyx8T2CQ=="],

    "minimatch": ["minimatch@5.1.9", "", { "dependencies": { "brace-expansion": "^2.0.1" } }, "sha512-7o1wEA2RyMP7Iu7GNba9vc0RWWGACJOCZBJX2GJWip0ikV+wcOsgVuY9uE8CPiyQhkGFSlhuSkZPavN7u1c2Fw=="],

    "mlly": ["mlly@1.8.1", "", { "dependencies": { "acorn": "^8.16.0", "pathe": "^2.0.3", "pkg-types": "^1.3.1", "ufo": "^1.6.3" } }, "sha512-SnL6sNutTwRWWR/vcmCYHSADjiEesp5TGQQ0pXyLhW5IoeibRlF/CbSLailbB3CNqJUk9cVJ9dUDnbD7GrcHBQ=="],

    "oxc-parser": ["oxc-parser@0.97.0", "", { "dependencies": { "@oxc-project/types": "^0.97.0" }, "optionalDependencies": { "@oxc-parser/binding-android-arm64": "0.97.0", "@oxc-parser/binding-darwin-arm64": "0.97.0", "@oxc-parser/binding-darwin-x64": "0.97.0", "@oxc-parser/binding-freebsd-x64": "0.97.0", "@oxc-parser/binding-linux-arm-gnueabihf": "0.97.0", "@oxc-parser/binding-linux-arm-musleabihf": "0.97.0", "@oxc-parser/binding-linux-arm64-gnu": "0.97.0", "@oxc-parser/binding-linux-arm64-musl": "0.97.0", "@oxc-parser/binding-linux-riscv64-gnu": "0.97.0", "@oxc-parser/binding-linux-s390x-gnu": "0.97.0", "@oxc-parser/binding-linux-x64-gnu": "0.97.0", "@oxc-parser/binding-linux-x64-musl": "0.97.0", "@oxc-parser/binding-wasm32-wasi": "0.97.0", "@oxc-parser/binding-win32-arm64-msvc": "0.97.0", "@oxc-parser/binding-win32-x64-msvc": "0.97.0" } }, "sha512-gxUfidyxJY97BJ+JEN/PxiIxIU1Y1FAPyMTncgNymgd/Cb+TYprsXZqjVnVCmTUlIBoA1XVjbfP0+Iz+uAt7Ow=="],

    "oxc-walker": ["oxc-walker@0.5.2", "", { "dependencies": { "magic-regexp": "^0.10.0" }, "peerDependencies": { "oxc-parser": ">=0.72.0" } }, "sha512-XYoZqWwApSKUmSDEFeOKdy3Cdh95cOcSU8f7yskFWE4Rl3cfL5uwyY+EV7Brk9mdNLy+t5SseJajd6g7KncvlA=="],

    "oxfmt": ["oxfmt@0.40.0", "", { "dependencies": { "tinypool": "2.1.0" }, "optionalDependencies": { "@oxfmt/binding-android-arm-eabi": "0.40.0", "@oxfmt/binding-android-arm64": "0.40.0", "@oxfmt/binding-darwin-arm64": "0.40.0", "@oxfmt/binding-darwin-x64": "0.40.0", "@oxfmt/binding-freebsd-x64": "0.40.0", "@oxfmt/binding-linux-arm-gnueabihf": "0.40.0", "@oxfmt/binding-linux-arm-musleabihf": "0.40.0", "@oxfmt/binding-linux-arm64-gnu": "0.40.0", "@oxfmt/binding-linux-arm64-musl": "0.40.0", "@oxfmt/binding-linux-ppc64-gnu": "0.40.0", "@oxfmt/binding-linux-riscv64-gnu": "0.40.0", "@oxfmt/binding-linux-riscv64-musl": "0.40.0", "@oxfmt/binding-linux-s390x-gnu": "0.40.0", "@oxfmt/binding-linux-x64-gnu": "0.40.0", "@oxfmt/binding-linux-x64-musl": "0.40.0", "@oxfmt/binding-openharmony-arm64": "0.40.0", "@oxfmt/binding-win32-arm64-msvc": "0.40.0", "@oxfmt/binding-win32-ia32-msvc": "0.40.0", "@oxfmt/binding-win32-x64-msvc": "0.40.0" }, "bin": { "oxfmt": "bin/oxfmt" } }, "sha512-g0C3I7xUj4b4DcagevM9kgH6+pUHytikxUcn3/VUkvzTNaaXBeyZqb7IBsHwojeXm4mTBEC/aBjBTMVUkZwWUQ=="],

    "pathe": ["pathe@2.0.3", "", {}, "sha512-WUjGcAqP1gQacoQe+OBJsFA7Ld4DyXuUIjZ5cc75cLHvJ7dtNsTugphxIADwspS+AraAUePCKrSVtPLFj/F88w=="],

    "picomatch": ["picomatch@4.0.3", "", {}, "sha512-5gTmgEY/sqK6gFXLIsQNH19lWb4ebPDLA4SdLP7dsWkIXHWlG66oPuVvXSGFPppYZz8ZDZq0dYYrbHfBCVUb1Q=="],

    "pkg-types": ["pkg-types@1.3.1", "", { "dependencies": { "confbox": "^0.1.8", "mlly": "^1.7.4", "pathe": "^2.0.1" } }, "sha512-/Jm5M4RvtBFVkKWRu2BLUTNP8/M2a+UwuAX+ae4770q1qVGtfjG+WTCupoZixokjmHiry8uI+dlY8KXYV5HVVQ=="],

    "regexp-tree": ["regexp-tree@0.1.27", "", { "bin": { "regexp-tree": "bin/regexp-tree" } }, "sha512-iETxpjK6YoRWJG5o6hXLwvjYAoW+FEZn9os0PD/b6AP6xQwsa/Y7lCVgIixBbUPMfhu+i2LtdeAqVTgGlQarfA=="],

    "semver": ["semver@7.7.4", "", { "bin": { "semver": "bin/semver.js" } }, "sha512-vFKC2IEtQnVhpT78h1Yp8wzwrf8CM+MzKMHGJZfBtzhZNycRFnXsHk6E5TxIkkMsgNS7mdX3AGB7x2QM2di4lA=="],

    "tinypool": ["tinypool@2.1.0", "", {}, "sha512-Pugqs6M0m7Lv1I7FtxN4aoyToKg1C4tu+/381vH35y8oENM/Ai7f7C4StcoK4/+BSw9ebcS8jRiVrORFKCALLw=="],

    "tslib": ["tslib@2.8.1", "", {}, "sha512-oJFu94HQb+KVduSUQL7wnpmqnfmLsOA/nAh6b6EH0wCEoK0/mPeXU6c3wKDV83MkOuHPRHtSXKKU99IBazS/2w=="],

    "type-level-regexp": ["type-level-regexp@0.1.17", "", {}, "sha512-wTk4DH3cxwk196uGLK/E9pE45aLfeKJacKmcEgEOA/q5dnPGNxXt0cfYdFxb57L+sEpf1oJH4Dnx/pnRcku9jg=="],

    "typescript": ["typescript@5.9.3", "", { "bin": { "tsc": "bin/tsc", "tsserver": "bin/tsserver" } }, "sha512-jl1vZzPDinLr9eUt3J/t7V6FgNEw9QjvBPdysz9KfQDD41fQrC2Y4vKQdiaUpFT4bXlb1RHhLpp8wtm6M5TgSw=="],

    "ufo": ["ufo@1.6.3", "", {}, "sha512-yDJTmhydvl5lJzBmy/hyOAA0d+aqCBuwl818haVdYCRrWV84o7YyeVm4QlVHStqNrrJSTb6jKuFAVqAFsr+K3Q=="],

    "undici-types": ["undici-types@6.21.0", "", {}, "sha512-iwDZqg0QAGrg9Rav5H4n0M64c3mkR59cJ6wQp+7C4nI0gsmExaedaYLNO44eT4AtBBwjbTiGPMlt2Md0T9H9JQ=="],

    "unplugin": ["unplugin@2.3.11", "", { "dependencies": { "@jridgewell/remapping": "^2.3.5", "acorn": "^8.15.0", "picomatch": "^4.0.3", "webpack-virtual-modules": "^0.6.2" } }, "sha512-5uKD0nqiYVzlmCRs01Fhs2BdkEgBS3SAVP6ndrBsuK42iC2+JHyxM05Rm9G8+5mkmRtzMZGY8Ct5+mliZxU/Ww=="],

    "vscode-jsonrpc": ["vscode-jsonrpc@8.1.0-next.6", "", {}, "sha512-AahQokGczPwXKo1Qhnn3aqkZgwUJ0rjVwhWWKW5I5LEWRoqfnWkQp7haVIV6GJRX0oyGL2ezVy7IhwgP5u/3xw=="],

    "vscode-languageclient": ["vscode-languageclient@8.1.0-next.5", "", { "dependencies": { "minimatch": "^5.1.0", "semver": "^7.3.7", "vscode-languageserver-protocol": "3.17.3-next.5" } }, "sha512-RbL68ENqp2uPDs1rsPiD8IfhPWzUP8e12ONdtpmSlR6kmj6FLOd8fEaC1pQMGDtfPfiFCpLav8YytH25QOYwRQ=="],

    "vscode-languageserver-protocol": ["vscode-languageserver-protocol@3.17.3-next.5", "", { "dependencies": { "vscode-jsonrpc": "8.1.0-next.6", "vscode-languageserver-types": "3.17.3-next.2" } }, "sha512-9HafkatRVhBVpWQrODes4JaoSu7ozHQUOzYiTmfMmxeFOUYgsSqyODp+j/c+SovcsuwABjuqnsQ9RiFkXCbeMA=="],

    "vscode-languageserver-types": ["vscode-languageserver-types@3.17.3-next.2", "", {}, "sha512-3kkNSCycNKUalSJIrjIptGeY9UTJr1Nk5HT/aT00jjIwiCvIUNbRdK90av2Y3j1Jityot68dBVc3YYdwwH3zOQ=="],

    "webpack-virtual-modules": ["webpack-virtual-modules@0.6.2", "", {}, "sha512-66/V2i5hQanC51vBQKPH4aI8NMAcBW59FVBs+rC7eGHupMyfn34q7rZIE+ETlJ+XTevqfUhVVBgSUNSW2flEUQ=="],
  }
}
